github.com/cdvelop/gotools v0.0.53 h1:m5QkmP1ZXUMxNkOFdb+RJXWUwyLl9D9BZhBq6Nnxvxc=
github.com/cdvelop/gotools v0.0.53/go.mod h1:ufOD22h89Zpij8oVWVWP997E5rNH7v1xhjF9bs1sFyU=
github.com/cdvelop/input v0.0.48 h1:PJt0y0eaEwGavu+0nlLDBbcaeBDnm/Gpl/r2rG7ul1M=
github.com/cdvelop/input v0.0.48/go.mod h1:XMIcclkxZ1gyGf4mhNqUen/CKc4w3elDt45FbRtbhE4=
github.com/cdvelop/model v0.0.66 h1:gSQpYAByeFaGoaIGkQ1/0SjthtI98/MHPziwojEZZW4=
github.com/cdvelop/model v0.0.66/go.mod h1:cYJNxbv1WV/aDgiVPV9VXs8LrbF8+0nU+X+KfSevyzw=
github.com/cdvelop/timetools v0.0.14 h1:GvIIcFOh5rsahcivDvEPvq3CSodk+LOLGoH9iasbO9E=
github.com/cdvelop/timetools v0.0.14/go.mod h1:14lsaVSAdJx5vT8M2jyoFlYqLZ87stW65OVYFM0kFBA=
golang.org/x/text v0.14.0 h1:ScX5w1eTa3QqT8oi6+ziP7dTV1S2+ALU0bI+0zXKWiQ=
golang.org/x/text v0.14.0/go.mod h1:18ZOQIKpY8NJVqYksKHtTdi31H5itFRjB5/qKTNYzSU=
